
Microsoft Visual Studio Solution File, Format Version 11.00
# Visual Studio 2010
# SharpDevelop 5.1
Project("{FAE04EC0-301F-11D3-BF4B-00C04F79EFBC}") = "ejercicio", "ejercicio.csproj", "{BFAFFB68-99CD-45AE-8B9E-6E57AA585DDA}"
EndProject
Global
	GlobalSection(SolutionConfigurationPlatforms) = preSolution
		Debug|Any CPU = Debug|Any CPU
		Release|Any CPU = Release|Any CPU
	EndGlobalSection
	GlobalSection(ProjectConfigurationPlatforms) = postSolution
		{BFAFFB68-99CD-45AE-8B9E-6E57AA585DDA}.Debug|Any CPU.ActiveCfg = Debug|Any CPU
		{BFAFFB68-99CD-45AE-8B9E-6E57AA585DDA}.Debug|Any CPU.Build.0 = Debug|Any CPU
		{BFAFFB68-99CD-45AE-8B9E-6E57AA585DDA}.Release|Any CPU.ActiveCfg = Release|Any CPU
		{BFAFFB68-99CD-45AE-8B9E-6E57AA585DDA}.Release|Any CPU.Build.0 = Release|Any CPU
	EndGlobalSection
EndGlobal
